
Microsoft Visual Studio Solution File, Format Version 12.00
# Visual Studio Version 17
VisualStudioVersion = 17.4.33213.308
MinimumVisualStudioVersion = 10.0.40219.1
Project("{9A19103F-16F7-4668-BE54-9A1E7A4F7556}") = "Umbraco.Community.IntelligentMedia", "Umbraco.Community.IntelligentMedia\Umbraco.Community.IntelligentMedia.csproj", "{9DCAAE21-0093-400D-85AA-A16ECBE6D8CA}"
EndProject
Project("{FAE04EC0-301F-11D3-BF4B-00C04F79EFBC}") = "TestUmbracoSite", "TestUmbracoSite\TestUmbracoSite.csproj", "{3126A9E1-8896-4BF9-BCDE-BC76BDF71FAB}"
EndProject
Global
	GlobalSection(SolutionConfigurationPlatforms) = preSolution
		Debug|Any CPU = Debug|Any CPU
		Release|Any CPU = Release|Any CPU
	EndGlobalSection
	GlobalSection(ProjectConfigurationPlatforms) = postSolution
		{9DCAAE21-0093-400D-85AA-A16ECBE6D8CA}.Debug|Any CPU.ActiveCfg = Debug|Any CPU
		{9DCAAE21-0093-400D-85AA-A16ECBE6D8CA}.Debug|Any CPU.Build.0 = Debug|Any CPU
		{9DCAAE21-0093-400D-85AA-A16ECBE6D8CA}.Release|Any CPU.ActiveCfg = Release|Any CPU
		{9DCAAE21-0093-400D-85AA-A16ECBE6D8CA}.Release|Any CPU.Build.0 = Release|Any CPU
		{3126A9E1-8896-4BF9-BCDE-BC76BDF71FAB}.Debug|Any CPU.ActiveCfg = Debug|Any CPU
		{3126A9E1-8896-4BF9-BCDE-BC76BDF71FAB}.Debug|Any CPU.Build.0 = Debug|Any CPU
		{3126A9E1-8896-4BF9-BCDE-BC76BDF71FAB}.Release|Any CPU.ActiveCfg = Release|Any CPU
		{3126A9E1-8896-4BF9-BCDE-BC76BDF71FAB}.Release|Any CPU.Build.0 = Release|Any CPU
	EndGlobalSection
	GlobalSection(SolutionProperties) = preSolution
		HideSolutionNode = FALSE
	EndGlobalSection
	GlobalSection(ExtensibilityGlobals) = postSolution
		SolutionGuid = {DDA7A8AF-CBF9-4CB6-988F-9567607A1213}
	EndGlobalSection
EndGlobal
